
Microsoft Visual Studio Solution File, Format Version 12.00
# Visual Studio 15
VisualStudioVersion = 15.0.26510.0
MinimumVisualStudioVersion = 10.0.40219.1
Project("{FAE04EC0-301F-11D3-BF4B-00C04F79EFBC}") = "FFmpeg.AutoGen", "FFmpeg.AutoGen\FFmpeg.AutoGen.csproj", "{A536B02A-B0B1-4753-8328-17369EF09976}"
EndProject
Project("{FAE04EC0-301F-11D3-BF4B-00C04F79EFBC}") = "FFmpeg.AutoGen.Example", "FFmpeg.AutoGen.Example\FFmpeg.AutoGen.Example.csproj", "{5BD870D6-27B4-4208-ACBF-496F2809326A}"
EndProject
Project("{2150E333-8FDC-42A3-9474-1A3956D46DE8}") = "Solution Items", "Solution Items", "{CF48D45D-979F-4574-9E33-A3AC1CB542B5}"
	ProjectSection(SolutionItems) = preProject
		.travis.yml = .travis.yml
		dump-expots.cmd = dump-expots.cmd
		README.md = README.md
	EndProjectSection
EndProject
Project("{FAE04EC0-301F-11D3-BF4B-00C04F79EFBC}") = "FFmpeg.AutoGen.CppSharpUnsafeGenerator", "FFmpeg.AutoGen.CppSharpUnsafeGenerator\FFmpeg.AutoGen.CppSharpUnsafeGenerator.csproj", "{2A8E06C6-5A68-4FB4-AE0C-F43B644E3737}"
EndProject
Project("{9A19103F-16F7-4668-BE54-9A1E7A4F7556}") = "FFmpeg.AutoGen.Core", "FFmpeg.AutoGen.Core\FFmpeg.AutoGen.Core.csproj", "{347A2389-32B4-47E3-92C7-91AA0D638304}"
EndProject
Project("{9A19103F-16F7-4668-BE54-9A1E7A4F7556}") = "FFmpeg.AutoGen.Example.Core", "FFmpeg.AutoGen.Example.Core\FFmpeg.AutoGen.Example.Core.csproj", "{DE581902-D3AD-4506-949B-7C2C56B127AA}"
EndProject
Global
	GlobalSection(SolutionConfigurationPlatforms) = preSolution
		Debug|Any CPU = Debug|Any CPU
		Debug|x64 = Debug|x64
		Debug|x86 = Debug|x86
		Release|Any CPU = Release|Any CPU
		Release|x64 = Release|x64
		Release|x86 = Release|x86
	EndGlobalSection
	GlobalSection(ProjectConfigurationPlatforms) = postSolution
		{A536B02A-B0B1-4753-8328-17369EF09976}.Debug|Any CPU.ActiveCfg = Debug|Any CPU
		{A536B02A-B0B1-4753-8328-17369EF09976}.Debug|Any CPU.Build.0 = Debug|Any CPU
		{A536B02A-B0B1-4753-8328-17369EF09976}.Debug|x64.ActiveCfg = Debug|x64
		{A536B02A-B0B1-4753-8328-17369EF09976}.Debug|x64.Build.0 = Debug|x64
		{A536B02A-B0B1-4753-8328-17369EF09976}.Debug|x86.ActiveCfg = Debug|x86
		{A536B02A-B0B1-4753-8328-17369EF09976}.Debug|x86.Build.0 = Debug|x86
		{A536B02A-B0B1-4753-8328-17369EF09976}.Release|Any CPU.ActiveCfg = Release|Any CPU
		{A536B02A-B0B1-4753-8328-17369EF09976}.Release|Any CPU.Build.0 = Release|Any CPU
		{A536B02A-B0B1-4753-8328-17369EF09976}.Release|x64.ActiveCfg = Release|x64
		{A536B02A-B0B1-4753-8328-17369EF09976}.Release|x64.Build.0 = Release|x64
		{A536B02A-B0B1-4753-8328-17369EF09976}.Release|x86.ActiveCfg = Release|x86
		{A536B02A-B0B1-4753-8328-17369EF09976}.Release|x86.Build.0 = Release|x86
		{5BD870D6-27B4-4208-ACBF-496F2809326A}.Debug|Any CPU.ActiveCfg = Debug|Any CPU
		{5BD870D6-27B4-4208-ACBF-496F2809326A}.Debug|Any CPU.Build.0 = Debug|Any CPU
		{5BD870D6-27B4-4208-ACBF-496F2809326A}.Debug|x64.ActiveCfg = Debug|x64
		{5BD870D6-27B4-4208-ACBF-496F2809326A}.Debug|x64.Build.0 = Debug|x64
		{5BD870D6-27B4-4208-ACBF-496F2809326A}.Debug|x86.ActiveCfg = Debug|x86
		{5BD870D6-27B4-4208-ACBF-496F2809326A}.Debug|x86.Build.0 = Debug|x86
		{5BD870D6-27B4-4208-ACBF-496F2809326A}.Release|Any CPU.ActiveCfg = Release|Any CPU
		{5BD870D6-27B4-4208-ACBF-496F2809326A}.Release|Any CPU.Build.0 = Release|Any CPU
		{5BD870D6-27B4-4208-ACBF-496F2809326A}.Release|x64.ActiveCfg = Release|x64
		{5BD870D6-27B4-4208-ACBF-496F2809326A}.Release|x64.Build.0 = Release|x64
		{5BD870D6-27B4-4208-ACBF-496F2809326A}.Release|x86.ActiveCfg = Release|x86
		{5BD870D6-27B4-4208-ACBF-496F2809326A}.Release|x86.Build.0 = Release|x86
		{2A8E06C6-5A68-4FB4-AE0C-F43B644E3737}.Debug|Any CPU.ActiveCfg = Debug|Any CPU
		{2A8E06C6-5A68-4FB4-AE0C-F43B644E3737}.Debug|Any CPU.Build.0 = Debug|Any CPU
		{2A8E06C6-5A68-4FB4-AE0C-F43B644E3737}.Debug|x64.ActiveCfg = Debug|x64
		{2A8E06C6-5A68-4FB4-AE0C-F43B644E3737}.Debug|x64.Build.0 = Debug|x64
		{2A8E06C6-5A68-4FB4-AE0C-F43B644E3737}.Debug|x86.ActiveCfg = Debug|x86
		{2A8E06C6-5A68-4FB4-AE0C-F43B644E3737}.Debug|x86.Build.0 = Debug|x86
		{2A8E06C6-5A68-4FB4-AE0C-F43B644E3737}.Release|Any CPU.ActiveCfg = Release|Any CPU
		{2A8E06C6-5A68-4FB4-AE0C-F43B644E3737}.Release|Any CPU.Build.0 = Release|Any CPU
		{2A8E06C6-5A68-4FB4-AE0C-F43B644E3737}.Release|x64.ActiveCfg = Release|x64
		{2A8E06C6-5A68-4FB4-AE0C-F43B644E3737}.Release|x64.Build.0 = Release|x64
		{2A8E06C6-5A68-4FB4-AE0C-F43B644E3737}.Release|x86.ActiveCfg = Release|x86
		{2A8E06C6-5A68-4FB4-AE0C-F43B644E3737}.Release|x86.Build.0 = Release|x86
		{347A2389-32B4-47E3-92C7-91AA0D638304}.Debug|Any CPU.ActiveCfg = Debug|Any CPU
		{347A2389-32B4-47E3-92C7-91AA0D638304}.Debug|Any CPU.Build.0 = Debug|Any CPU
		{347A2389-32B4-47E3-92C7-91AA0D638304}.Debug|x64.ActiveCfg = Debug|Any CPU
		{347A2389-32B4-47E3-92C7-91AA0D638304}.Debug|x64.Build.0 = Debug|Any CPU
		{347A2389-32B4-47E3-92C7-91AA0D638304}.Debug|x86.ActiveCfg = Debug|Any CPU
		{347A2389-32B4-47E3-92C7-91AA0D638304}.Debug|x86.Build.0 = Debug|Any CPU
		{347A2389-32B4-47E3-92C7-91AA0D638304}.Release|Any CPU.ActiveCfg = Release|Any CPU
		{347A2389-32B4-47E3-92C7-91AA0D638304}.Release|Any CPU.Build.0 = Release|Any CPU
		{347A2389-32B4-47E3-92C7-91AA0D638304}.Release|x64.ActiveCfg = Release|Any CPU
		{347A2389-32B4-47E3-92C7-91AA0D638304}.Release|x64.Build.0 = Release|Any CPU
		{347A2389-32B4-47E3-92C7-91AA0D638304}.Release|x86.ActiveCfg = Release|Any CPU
		{347A2389-32B4-47E3-92C7-91AA0D638304}.Release|x86.Build.0 = Release|Any CPU
		{DE581902-D3AD-4506-949B-7C2C56B127AA}.Debug|Any CPU.ActiveCfg = Debug|Any CPU
		{DE581902-D3AD-4506-949B-7C2C56B127AA}.Debug|Any CPU.Build.0 = Debug|Any CPU
		{DE581902-D3AD-4506-949B-7C2C56B127AA}.Debug|x64.ActiveCfg = Debug|Any CPU
		{DE581902-D3AD-4506-949B-7C2C56B127AA}.Debug|x64.Build.0 = Debug|Any CPU
		{DE581902-D3AD-4506-949B-7C2C56B127AA}.Debug|x86.ActiveCfg = Debug|Any CPU
		{DE581902-D3AD-4506-949B-7C2C56B127AA}.Debug|x86.Build.0 = Debug|Any CPU
		{DE581902-D3AD-4506-949B-7C2C56B127AA}.Release|Any CPU.ActiveCfg = Release|Any CPU
		{DE581902-D3AD-4506-949B-7C2C56B127AA}.Release|Any CPU.Build.0 = Release|Any CPU
		{DE581902-D3AD-4506-949B-7C2C56B127AA}.Release|x64.ActiveCfg = Release|Any CPU
		{DE581902-D3AD-4506-949B-7C2C56B127AA}.Release|x64.Build.0 = Release|Any CPU
		{DE581902-D3AD-4506-949B-7C2C56B127AA}.Release|x86.ActiveCfg = Release|Any CPU
		{DE581902-D3AD-4506-949B-7C2C56B127AA}.Release|x86.Build.0 = Release|Any CPU
	EndGlobalSection
	GlobalSection(SolutionProperties) = preSolution
		HideSolutionNode = FALSE
	EndGlobalSection
	GlobalSection(MonoDevelopProperties) = preSolution
		StartupItem = FFmpeg.AutoGen.Example\FFmpeg.AutoGen.Example.csproj
	EndGlobalSection
EndGlobal
