
Microsoft Visual Studio Solution File, Format Version 12.00
# Visual Studio Version 16
VisualStudioVersion = 16.0.30503.244
MinimumVisualStudioVersion = 10.0.40219.1
Project("{9A19103F-16F7-4668-BE54-9A1E7A4F7556}") = "FFmpeg.AutoGen", "FFmpeg.AutoGen\FFmpeg.AutoGen.csproj", "{A536B02A-B0B1-4753-8328-17369EF09976}"
EndProject
Project("{9A19103F-16F7-4668-BE54-9A1E7A4F7556}") = "FFmpeg.AutoGen.Example", "FFmpeg.AutoGen.Example\FFmpeg.AutoGen.Example.csproj", "{5BD870D6-27B4-4208-ACBF-496F2809326A}"
EndProject
Project("{2150E333-8FDC-42A3-9474-1A3956D46DE8}") = "Solution Items", "Solution Items", "{CF48D45D-979F-4574-9E33-A3AC1CB542B5}"
	ProjectSection(SolutionItems) = preProject
		.travis.yml = .travis.yml
		README.md = README.md
	EndProjectSection
EndProject
Project("{9A19103F-16F7-4668-BE54-9A1E7A4F7556}") = "FFmpeg.AutoGen.CppSharpUnsafeGenerator", "FFmpeg.AutoGen.CppSharpUnsafeGenerator\FFmpeg.AutoGen.CppSharpUnsafeGenerator.csproj", "{2A8E06C6-5A68-4FB4-AE0C-F43B644E3737}"
EndProject
Project("{9A19103F-16F7-4668-BE54-9A1E7A4F7556}") = "FFmpeg.AutoGen.Redist.windows.x64", "FFmpeg.AutoGen.Redist.windows.x64\FFmpeg.AutoGen.Redist.windows.x64.csproj", "{B5908244-BD07-4BA5-93CA-356B7643D624}"
EndProject
Global
	GlobalSection(SolutionConfigurationPlatforms) = preSolution
		Debug|Any CPU = Debug|Any CPU
		Release|Any CPU = Release|Any CPU
	EndGlobalSection
	GlobalSection(ProjectConfigurationPlatforms) = postSolution
		{A536B02A-B0B1-4753-8328-17369EF09976}.Debug|Any CPU.ActiveCfg = Debug|Any CPU
		{A536B02A-B0B1-4753-8328-17369EF09976}.Debug|Any CPU.Build.0 = Debug|Any CPU
		{A536B02A-B0B1-4753-8328-17369EF09976}.Release|Any CPU.ActiveCfg = Release|Any CPU
		{A536B02A-B0B1-4753-8328-17369EF09976}.Release|Any CPU.Build.0 = Release|Any CPU
		{5BD870D6-27B4-4208-ACBF-496F2809326A}.Debug|Any CPU.ActiveCfg = Debug|Any CPU
		{5BD870D6-27B4-4208-ACBF-496F2809326A}.Debug|Any CPU.Build.0 = Debug|Any CPU
		{5BD870D6-27B4-4208-ACBF-496F2809326A}.Release|Any CPU.ActiveCfg = Release|x64
		{5BD870D6-27B4-4208-ACBF-496F2809326A}.Release|Any CPU.Build.0 = Release|x64
		{2A8E06C6-5A68-4FB4-AE0C-F43B644E3737}.Debug|Any CPU.ActiveCfg = Debug|Any CPU
		{2A8E06C6-5A68-4FB4-AE0C-F43B644E3737}.Debug|Any CPU.Build.0 = Debug|Any CPU
		{2A8E06C6-5A68-4FB4-AE0C-F43B644E3737}.Release|Any CPU.ActiveCfg = Release|x64
		{2A8E06C6-5A68-4FB4-AE0C-F43B644E3737}.Release|Any CPU.Build.0 = Release|x64
		{B5908244-BD07-4BA5-93CA-356B7643D624}.Debug|Any CPU.ActiveCfg = Debug|Any CPU
		{B5908244-BD07-4BA5-93CA-356B7643D624}.Debug|Any CPU.Build.0 = Debug|Any CPU
		{B5908244-BD07-4BA5-93CA-356B7643D624}.Release|Any CPU.ActiveCfg = Release|Any CPU
		{B5908244-BD07-4BA5-93CA-356B7643D624}.Release|Any CPU.Build.0 = Release|Any CPU
	EndGlobalSection
	GlobalSection(SolutionProperties) = preSolution
		HideSolutionNode = FALSE
	EndGlobalSection
	GlobalSection(ExtensibilityGlobals) = postSolution
		SolutionGuid = {4BAFD2E8-8AAC-4483-B5FA-6E4C136A59F5}
	EndGlobalSection
	GlobalSection(MonoDevelopProperties) = preSolution
		StartupItem = FFmpeg.AutoGen.Example\FFmpeg.AutoGen.Example.csproj
	EndGlobalSection
EndGlobal
