
Microsoft Visual Studio Solution File, Format Version 12.00
# Visual Studio 15
VisualStudioVersion = 15.0.26730.12
MinimumVisualStudioVersion = 10.0.40219.1
Project("{2150E333-8FDC-42A3-9474-1A3956D46DE8}") = "Solution Items", "Solution Items", "{CF48D45D-979F-4574-9E33-A3AC1CB542B5}"
	ProjectSection(SolutionItems) = preProject
		.travis.yml = .travis.yml
		README.md = README.md
	EndProjectSection
EndProject
Project("{9A19103F-16F7-4668-BE54-9A1E7A4F7556}") = "FFmpeg.AutoGen.Core", "FFmpeg.AutoGen.Core\FFmpeg.AutoGen.Core.csproj", "{347A2389-32B4-47E3-92C7-91AA0D638304}"
EndProject
Project("{9A19103F-16F7-4668-BE54-9A1E7A4F7556}") = "FFmpeg.AutoGen.Example.Core", "FFmpeg.AutoGen.Example.Core\FFmpeg.AutoGen.Example.Core.csproj", "{DE581902-D3AD-4506-949B-7C2C56B127AA}"
EndProject
Global
	GlobalSection(SolutionConfigurationPlatforms) = preSolution
		Debug|Any CPU = Debug|Any CPU
		Debug|x64 = Debug|x64
		Debug|x86 = Debug|x86
		Release|Any CPU = Release|Any CPU
		Release|x64 = Release|x64
		Release|x86 = Release|x86
	EndGlobalSection
	GlobalSection(ProjectConfigurationPlatforms) = postSolution
		{347A2389-32B4-47E3-92C7-91AA0D638304}.Debug|Any CPU.ActiveCfg = Debug|Any CPU
		{347A2389-32B4-47E3-92C7-91AA0D638304}.Debug|Any CPU.Build.0 = Debug|Any CPU
		{347A2389-32B4-47E3-92C7-91AA0D638304}.Debug|x64.ActiveCfg = Debug|Any CPU
		{347A2389-32B4-47E3-92C7-91AA0D638304}.Debug|x64.Build.0 = Debug|Any CPU
		{347A2389-32B4-47E3-92C7-91AA0D638304}.Debug|x86.ActiveCfg = Debug|Any CPU
		{347A2389-32B4-47E3-92C7-91AA0D638304}.Debug|x86.Build.0 = Debug|Any CPU
		{347A2389-32B4-47E3-92C7-91AA0D638304}.Release|Any CPU.ActiveCfg = Release|Any CPU
		{347A2389-32B4-47E3-92C7-91AA0D638304}.Release|Any CPU.Build.0 = Release|Any CPU
		{347A2389-32B4-47E3-92C7-91AA0D638304}.Release|x64.ActiveCfg = Release|Any CPU
		{347A2389-32B4-47E3-92C7-91AA0D638304}.Release|x64.Build.0 = Release|Any CPU
		{347A2389-32B4-47E3-92C7-91AA0D638304}.Release|x86.ActiveCfg = Release|Any CPU
		{347A2389-32B4-47E3-92C7-91AA0D638304}.Release|x86.Build.0 = Release|Any CPU
		{DE581902-D3AD-4506-949B-7C2C56B127AA}.Debug|Any CPU.ActiveCfg = Debug|Any CPU
		{DE581902-D3AD-4506-949B-7C2C56B127AA}.Debug|Any CPU.Build.0 = Debug|Any CPU
		{DE581902-D3AD-4506-949B-7C2C56B127AA}.Debug|x64.ActiveCfg = Debug|Any CPU
		{DE581902-D3AD-4506-949B-7C2C56B127AA}.Debug|x64.Build.0 = Debug|Any CPU
		{DE581902-D3AD-4506-949B-7C2C56B127AA}.Debug|x86.ActiveCfg = Debug|Any CPU
		{DE581902-D3AD-4506-949B-7C2C56B127AA}.Debug|x86.Build.0 = Debug|Any CPU
		{DE581902-D3AD-4506-949B-7C2C56B127AA}.Release|Any CPU.ActiveCfg = Release|Any CPU
		{DE581902-D3AD-4506-949B-7C2C56B127AA}.Release|Any CPU.Build.0 = Release|Any CPU
		{DE581902-D3AD-4506-949B-7C2C56B127AA}.Release|x64.ActiveCfg = Release|Any CPU
		{DE581902-D3AD-4506-949B-7C2C56B127AA}.Release|x64.Build.0 = Release|Any CPU
		{DE581902-D3AD-4506-949B-7C2C56B127AA}.Release|x86.ActiveCfg = Release|Any CPU
		{DE581902-D3AD-4506-949B-7C2C56B127AA}.Release|x86.Build.0 = Release|Any CPU
	EndGlobalSection
	GlobalSection(SolutionProperties) = preSolution
		HideSolutionNode = FALSE
	EndGlobalSection
	GlobalSection(ExtensibilityGlobals) = postSolution
		SolutionGuid = {0CF5C576-F78F-4D46-A114-9A5DA65C8D6D}
	EndGlobalSection
	GlobalSection(MonoDevelopProperties) = preSolution
		StartupItem = FFmpeg.AutoGen.Example\FFmpeg.AutoGen.Example.csproj
	EndGlobalSection
EndGlobal
