
Microsoft Visual Studio Solution File, Format Version 12.00
# Visual Studio Version 17
VisualStudioVersion = 17.0.31825.309
MinimumVisualStudioVersion = 10.0.40219.1
Project("{9A19103F-16F7-4668-BE54-9A1E7A4F7556}") = "FFmpeg.AutoGen", "FFmpeg.AutoGen\FFmpeg.AutoGen.csproj", "{A536B02A-B0B1-4753-8328-17369EF09976}"
EndProject
Project("{9A19103F-16F7-4668-BE54-9A1E7A4F7556}") = "FFmpeg.AutoGen.Example", "FFmpeg.AutoGen.Example\FFmpeg.AutoGen.Example.csproj", "{5BD870D6-27B4-4208-ACBF-496F2809326A}"
EndProject
Project("{2150E333-8FDC-42A3-9474-1A3956D46DE8}") = "0. Solution Items", "0. Solution Items", "{CF48D45D-979F-4574-9E33-A3AC1CB542B5}"
	ProjectSection(SolutionItems) = preProject
		Directory.Build.props = Directory.Build.props
		Directory.Packages.props = Directory.Packages.props
		README.md = README.md
	EndProjectSection
EndProject
Project("{9A19103F-16F7-4668-BE54-9A1E7A4F7556}") = "FFmpeg.AutoGen.CppSharpUnsafeGenerator", "FFmpeg.AutoGen.CppSharpUnsafeGenerator\FFmpeg.AutoGen.CppSharpUnsafeGenerator.csproj", "{2A8E06C6-5A68-4FB4-AE0C-F43B644E3737}"
EndProject
Project("{9A19103F-16F7-4668-BE54-9A1E7A4F7556}") = "FFmpeg.AutoGen.ClangMacroParser", "FFmpeg.AutoGen.ClangMacroParser\FFmpeg.AutoGen.ClangMacroParser.csproj", "{4557AF4F-4680-4764-A7A0-F739664B4DA1}"
EndProject
Project("{9A19103F-16F7-4668-BE54-9A1E7A4F7556}") = "FFmpeg.AutoGen.ClangMacroParser.Test", "FFmpeg.AutoGen.ClangMacroParser.Test\FFmpeg.AutoGen.ClangMacroParser.Test.csproj", "{07F3A6D4-5599-4D77-9197-A666E8FC8EEC}"
EndProject
Project("{2150E333-8FDC-42A3-9474-1A3956D46DE8}") = "Bindings", "Bindings", "{F969EEDD-27A8-434B-A438-39C48BBAEFE6}"
EndProject
Project("{9A19103F-16F7-4668-BE54-9A1E7A4F7556}") = "FFmpeg.AutoGen.Abstractions", "FFmpeg.AutoGen.Abstractions\FFmpeg.AutoGen.Abstractions.csproj", "{1294EC3A-9667-40A2-8189-C9EC12ECFDD6}"
EndProject
Project("{9A19103F-16F7-4668-BE54-9A1E7A4F7556}") = "FFmpeg.AutoGen.Bindings.StaticallyLinked", "FFmpeg.AutoGen.Bindings.StaticallyLinked\FFmpeg.AutoGen.Bindings.StaticallyLinked.csproj", "{ED2E790B-9233-40BC-BA66-E3291AAA9878}"
EndProject
Project("{9A19103F-16F7-4668-BE54-9A1E7A4F7556}") = "FFmpeg.AutoGen.Bindings.DynamicallyLinked", "FFmpeg.AutoGen.Bindings.DynamicallyLinked\FFmpeg.AutoGen.Bindings.DynamicallyLinked.csproj", "{C272CD0A-E13B-4E80-8CA2-2BEC8396D8D0}"
EndProject
Project("{9A19103F-16F7-4668-BE54-9A1E7A4F7556}") = "FFmpeg.AutoGen.Bindings.DynamicallyLoaded", "FFmpeg.AutoGen.Bindings.DynamicallyLoaded\FFmpeg.AutoGen.Bindings.DynamicallyLoaded.csproj", "{028113A5-39CE-40A2-9118-56E99F30B4F8}"
EndProject
Project("{2150E333-8FDC-42A3-9474-1A3956D46DE8}") = "1. Generation", "1. Generation", "{E9CC1A7F-ADD1-486B-BEB3-B6E388B35731}"
EndProject
Project("{2150E333-8FDC-42A3-9474-1A3956D46DE8}") = "4. Examples", "4. Examples", "{660FBA30-C9C0-44A6-B4C5-1C5030ED271D}"
EndProject
Project("{2150E333-8FDC-42A3-9474-1A3956D46DE8}") = "3. Legacy", "3. Legacy", "{0771FEE5-9700-4F09-99C4-EC36FD5AFEA9}"
EndProject
Project("{2150E333-8FDC-42A3-9474-1A3956D46DE8}") = "2. Abstractions", "2. Abstractions", "{1B9CC2D2-096F-4D35-8940-DA6344450430}"
EndProject
Global
	GlobalSection(SolutionConfigurationPlatforms) = preSolution
		Debug|Any CPU = Debug|Any CPU
		Release|Any CPU = Release|Any CPU
	EndGlobalSection
	GlobalSection(ProjectConfigurationPlatforms) = postSolution
		{A536B02A-B0B1-4753-8328-17369EF09976}.Debug|Any CPU.ActiveCfg = Debug|Any CPU
		{A536B02A-B0B1-4753-8328-17369EF09976}.Debug|Any CPU.Build.0 = Debug|Any CPU
		{A536B02A-B0B1-4753-8328-17369EF09976}.Release|Any CPU.ActiveCfg = Release|Any CPU
		{A536B02A-B0B1-4753-8328-17369EF09976}.Release|Any CPU.Build.0 = Release|Any CPU
		{5BD870D6-27B4-4208-ACBF-496F2809326A}.Debug|Any CPU.ActiveCfg = Debug|Any CPU
		{5BD870D6-27B4-4208-ACBF-496F2809326A}.Debug|Any CPU.Build.0 = Debug|Any CPU
		{5BD870D6-27B4-4208-ACBF-496F2809326A}.Release|Any CPU.ActiveCfg = Release|Any CPU
		{5BD870D6-27B4-4208-ACBF-496F2809326A}.Release|Any CPU.Build.0 = Release|Any CPU
		{2A8E06C6-5A68-4FB4-AE0C-F43B644E3737}.Debug|Any CPU.ActiveCfg = Debug|Any CPU
		{2A8E06C6-5A68-4FB4-AE0C-F43B644E3737}.Debug|Any CPU.Build.0 = Debug|Any CPU
		{2A8E06C6-5A68-4FB4-AE0C-F43B644E3737}.Release|Any CPU.ActiveCfg = Release|Any CPU
		{2A8E06C6-5A68-4FB4-AE0C-F43B644E3737}.Release|Any CPU.Build.0 = Release|Any CPU
		{4557AF4F-4680-4764-A7A0-F739664B4DA1}.Debug|Any CPU.ActiveCfg = Debug|Any CPU
		{4557AF4F-4680-4764-A7A0-F739664B4DA1}.Debug|Any CPU.Build.0 = Debug|Any CPU
		{4557AF4F-4680-4764-A7A0-F739664B4DA1}.Release|Any CPU.ActiveCfg = Release|Any CPU
		{4557AF4F-4680-4764-A7A0-F739664B4DA1}.Release|Any CPU.Build.0 = Release|Any CPU
		{07F3A6D4-5599-4D77-9197-A666E8FC8EEC}.Debug|Any CPU.ActiveCfg = Debug|Any CPU
		{07F3A6D4-5599-4D77-9197-A666E8FC8EEC}.Debug|Any CPU.Build.0 = Debug|Any CPU
		{07F3A6D4-5599-4D77-9197-A666E8FC8EEC}.Release|Any CPU.ActiveCfg = Release|Any CPU
		{07F3A6D4-5599-4D77-9197-A666E8FC8EEC}.Release|Any CPU.Build.0 = Release|Any CPU
		{1294EC3A-9667-40A2-8189-C9EC12ECFDD6}.Debug|Any CPU.ActiveCfg = Debug|Any CPU
		{1294EC3A-9667-40A2-8189-C9EC12ECFDD6}.Debug|Any CPU.Build.0 = Debug|Any CPU
		{1294EC3A-9667-40A2-8189-C9EC12ECFDD6}.Release|Any CPU.ActiveCfg = Release|Any CPU
		{1294EC3A-9667-40A2-8189-C9EC12ECFDD6}.Release|Any CPU.Build.0 = Release|Any CPU
		{ED2E790B-9233-40BC-BA66-E3291AAA9878}.Debug|Any CPU.ActiveCfg = Debug|Any CPU
		{ED2E790B-9233-40BC-BA66-E3291AAA9878}.Debug|Any CPU.Build.0 = Debug|Any CPU
		{ED2E790B-9233-40BC-BA66-E3291AAA9878}.Release|Any CPU.ActiveCfg = Release|Any CPU
		{ED2E790B-9233-40BC-BA66-E3291AAA9878}.Release|Any CPU.Build.0 = Release|Any CPU
		{C272CD0A-E13B-4E80-8CA2-2BEC8396D8D0}.Debug|Any CPU.ActiveCfg = Debug|Any CPU
		{C272CD0A-E13B-4E80-8CA2-2BEC8396D8D0}.Debug|Any CPU.Build.0 = Debug|Any CPU
		{C272CD0A-E13B-4E80-8CA2-2BEC8396D8D0}.Release|Any CPU.ActiveCfg = Release|Any CPU
		{C272CD0A-E13B-4E80-8CA2-2BEC8396D8D0}.Release|Any CPU.Build.0 = Release|Any CPU
		{028113A5-39CE-40A2-9118-56E99F30B4F8}.Debug|Any CPU.ActiveCfg = Debug|Any CPU
		{028113A5-39CE-40A2-9118-56E99F30B4F8}.Debug|Any CPU.Build.0 = Debug|Any CPU
		{028113A5-39CE-40A2-9118-56E99F30B4F8}.Release|Any CPU.ActiveCfg = Release|Any CPU
		{028113A5-39CE-40A2-9118-56E99F30B4F8}.Release|Any CPU.Build.0 = Release|Any CPU
	EndGlobalSection
	GlobalSection(SolutionProperties) = preSolution
		HideSolutionNode = FALSE
	EndGlobalSection
	GlobalSection(NestedProjects) = preSolution
		{A536B02A-B0B1-4753-8328-17369EF09976} = {0771FEE5-9700-4F09-99C4-EC36FD5AFEA9}
		{5BD870D6-27B4-4208-ACBF-496F2809326A} = {660FBA30-C9C0-44A6-B4C5-1C5030ED271D}
		{2A8E06C6-5A68-4FB4-AE0C-F43B644E3737} = {E9CC1A7F-ADD1-486B-BEB3-B6E388B35731}
		{4557AF4F-4680-4764-A7A0-F739664B4DA1} = {E9CC1A7F-ADD1-486B-BEB3-B6E388B35731}
		{07F3A6D4-5599-4D77-9197-A666E8FC8EEC} = {E9CC1A7F-ADD1-486B-BEB3-B6E388B35731}
		{F969EEDD-27A8-434B-A438-39C48BBAEFE6} = {1B9CC2D2-096F-4D35-8940-DA6344450430}
		{1294EC3A-9667-40A2-8189-C9EC12ECFDD6} = {1B9CC2D2-096F-4D35-8940-DA6344450430}
		{ED2E790B-9233-40BC-BA66-E3291AAA9878} = {F969EEDD-27A8-434B-A438-39C48BBAEFE6}
		{C272CD0A-E13B-4E80-8CA2-2BEC8396D8D0} = {F969EEDD-27A8-434B-A438-39C48BBAEFE6}
		{028113A5-39CE-40A2-9118-56E99F30B4F8} = {F969EEDD-27A8-434B-A438-39C48BBAEFE6}
	EndGlobalSection
	GlobalSection(ExtensibilityGlobals) = postSolution
		SolutionGuid = {4BAFD2E8-8AAC-4483-B5FA-6E4C136A59F5}
	EndGlobalSection
	GlobalSection(MonoDevelopProperties) = preSolution
		StartupItem = FFmpeg.AutoGen.Example\FFmpeg.AutoGen.Example.csproj
	EndGlobalSection
EndGlobal
